// !$*UTF8*$!
{
	archiveVersion = 1;
	classes = {
	};
	objectVersion = 46;
	objects = {

/* Begin PBXBuildFile section */
		CC2D002B1AF1D31400AF5C5F /* AppDelegate.swift in Sources */ = {isa = PBXBuildFile; fileRef = CC2D002A1AF1D31400AF5C5F /* AppDelegate.swift */; };
		CC2D002D1AF1D31400AF5C5F /* ViewController.swift in Sources */ = {isa = PBXBuildFile; fileRef = CC2D002C1AF1D31400AF5C5F /* ViewController.swift */; };
		CC2D00301AF1D31400AF5C5F /* Main.storyboard in Resources */ = {isa = PBXBuildFile; fileRef = CC2D002E1AF1D31400AF5C5F /* Main.storyboard */; };
		CC2D00321AF1D31400AF5C5F /* Images.xcassets in Resources */ = {isa = PBXBuildFile; fileRef = CC2D00311AF1D31400AF5C5F /* Images.xcassets */; };
		CC2D00351AF1D31400AF5C5F /* LaunchScreen.xib in Resources */ = {isa = PBXBuildFile; fileRef = CC2D00331AF1D31400AF5C5F /* LaunchScreen.xib */; };
		CC2D00411AF1D31400AF5C5F /* TinderSwipeCardsSwiftTests.swift in Sources */ = {isa = PBXBuildFile; fileRef = CC2D00401AF1D31400AF5C5F /* TinderSwipeCardsSwiftTests.swift */; };
		CC2D004B1AF1D3FA00AF5C5F /* DraggableView.swift in Sources */ = {isa = PBXBuildFile; fileRef = CC2D004A1AF1D3FA00AF5C5F /* DraggableView.swift */; };
		CC2D004D1AF1D70D00AF5C5F /* OverlayView.swift in Sources */ = {isa = PBXBuildFile; fileRef = CC2D004C1AF1D70D00AF5C5F /* OverlayView.swift */; };
		CC2D004F1AF2107800AF5C5F /* DraggableViewBackground.swift in Sources */ = {isa = PBXBuildFile; fileRef = CC2D004E1AF2107800AF5C5F /* DraggableViewBackground.swift */; };
/* End PBXBuildFile section */

/* Begin PBXContainerItemProxy section */
		CC2D003B1AF1D31400AF5C5F /* PBXContainerItemProxy */ = {
			isa = PBXContainerItemProxy;
			containerPortal = CC2D001D1AF1D31400AF5C5F /* Project object */;
			proxyType = 1;
			remoteGlobalIDString = CC2D00241AF1D31400AF5C5F;
			remoteInfo = TinderSwipeCardsSwift;
		};
/* End PBXContainerItemProxy section */

/* Begin PBXFileReference section */
		CC2D00251AF1D31400AF5C5F /* TinderSwipeCardsSwift.app */ = {isa = PBXFileReference; explicitFileType = wrapper.application; includeInIndex = 0; path = TinderSwipeCardsSwift.app; sourceTree = BUILT_PRODUCTS_DIR; };
		CC2D00291AF1D31400AF5C5F /* Info.plist */ = {isa = PBXFileReference; lastKnownFileType = text.plist.xml; path = Info.plist; sourceTree = "<group>"; };
		CC2D002A1AF1D31400AF5C5F /* AppDelegate.swift */ = {isa = PBXFileReference; lastKnownFileType = sourcecode.swift; path = AppDelegate.swift; sourceTree = "<group>"; };
		CC2D002C1AF1D31400AF5C5F /* ViewController.swift */ = {isa = PBXFileReference; lastKnownFileType = sourcecode.swift; path = ViewController.swift; sourceTree = "<group>"; };
		CC2D002F1AF1D31400AF5C5F /* Base */ = {isa = PBXFileReference; lastKnownFileType = file.storyboard; name = Base; path = Base.lproj/Main.storyboard; sourceTree = "<group>"; };
		CC2D00311AF1D31400AF5C5F /* Images.xcassets */ = {isa = PBXFileReference; lastKnownFileType = folder.assetcatalog; path = Images.xcassets; sourceTree = "<group>"; };
		CC2D00341AF1D31400AF5C5F /* Base */ = {isa = PBXFileReference; lastKnownFileType = file.xib; name = Base; path = Base.lproj/LaunchScreen.xib; sourceTree = "<group>"; };
		CC2D003A1AF1D31400AF5C5F /* TinderSwipeCardsSwiftTests.xctest */ = {isa = PBXFileReference; explicitFileType = wrapper.cfbundle; includeInIndex = 0; path = TinderSwipeCardsSwiftTests.xctest; sourceTree = BUILT_PRODUCTS_DIR; };
		CC2D003F1AF1D31400AF5C5F /* Info.plist */ = {isa = PBXFileReference; lastKnownFileType = text.plist.xml; path = Info.plist; sourceTree = "<group>"; };
		CC2D00401AF1D31400AF5C5F /* TinderSwipeCardsSwiftTests.swift */ = {isa = PBXFileReference; lastKnownFileType = sourcecode.swift; path = TinderSwipeCardsSwiftTests.swift; sourceTree = "<group>"; };
		CC2D004A1AF1D3FA00AF5C5F /* DraggableView.swift */ = {isa = PBXFileReference; fileEncoding = 4; lastKnownFileType = sourcecode.swift; path = DraggableView.swift; sourceTree = "<group>"; };
		CC2D004C1AF1D70D00AF5C5F /* OverlayView.swift */ = {isa = PBXFileReference; fileEncoding = 4; lastKnownFileType = sourcecode.swift; path = OverlayView.swift; sourceTree = "<group>"; };
		CC2D004E1AF2107800AF5C5F /* DraggableViewBackground.swift */ = {isa = PBXFileReference; fileEncoding = 4; lastKnownFileType = sourcecode.swift; path = DraggableViewBackground.swift; sourceTree = "<group>"; };
/* End PBXFileReference section */

/* Begin PBXFrameworksBuildPhase section */
		CC2D00221AF1D31400AF5C5F /* Frameworks */ = {
			isa = PBXFrameworksBuildPhase;
			buildActionMask = 2147483647;
			files = (
			);
			runOnlyForDeploymentPostprocessing = 0;
		};
		CC2D00371AF1D31400AF5C5F /* Frameworks */ = {
			isa = PBXFrameworksBuildPhase;
			buildActionMask = 2147483647;
			files = (
			);
			runOnlyForDeploymentPostprocessing = 0;
		};
/* End PBXFrameworksBuildPhase section */

/* Begin PBXGroup section */
		CC2D001C1AF1D31400AF5C5F = {
			isa = PBXGroup;
			children = (
				CC2D00271AF1D31400AF5C5F /* TinderSwipeCardsSwift */,
				CC2D003D1AF1D31400AF5C5F /* TinderSwipeCardsSwiftTests */,
				CC2D00261AF1D31400AF5C5F /* Products */,
			);
			sourceTree = "<group>";
		};
		CC2D00261AF1D31400AF5C5F /* Products */ = {
			isa = PBXGroup;
			children = (
				CC2D00251AF1D31400AF5C5F /* TinderSwipeCardsSwift.app */,
				CC2D003A1AF1D31400AF5C5F /* TinderSwipeCardsSwiftTests.xctest */,
			);
			name = Products;
			sourceTree = "<group>";
		};
		CC2D00271AF1D31400AF5C5F /* TinderSwipeCardsSwift */ = {
			isa = PBXGroup;
			children = (
				CC2D002A1AF1D31400AF5C5F /* AppDelegate.swift */,
				CC2D002C1AF1D31400AF5C5F /* ViewController.swift */,
				CC2D004E1AF2107800AF5C5F /* DraggableViewBackground.swift */,
				CC2D004A1AF1D3FA00AF5C5F /* DraggableView.swift */,
				CC2D004C1AF1D70D00AF5C5F /* OverlayView.swift */,
				CC2D002E1AF1D31400AF5C5F /* Main.storyboard */,
				CC2D00311AF1D31400AF5C5F /* Images.xcassets */,
				CC2D00331AF1D31400AF5C5F /* LaunchScreen.xib */,
				CC2D00281AF1D31400AF5C5F /* Supporting Files */,
			);
			path = TinderSwipeCardsSwift;
			sourceTree = "<group>";
		};
		CC2D00281AF1D31400AF5C5F /* Supporting Files */ = {
			isa = PBXGroup;
			children = (
				CC2D00291AF1D31400AF5C5F /* Info.plist */,
			);
			name = "Supporting Files";
			sourceTree = "<group>";
		};
		CC2D003D1AF1D31400AF5C5F /* TinderSwipeCardsSwiftTests */ = {
			isa = PBXGroup;
			children = (
				CC2D00401AF1D31400AF5C5F /* TinderSwipeCardsSwiftTests.swift */,
				CC2D003E1AF1D31400AF5C5F /* Supporting Files */,
			);
			path = TinderSwipeCardsSwiftTests;
			sourceTree = "<group>";
		};
		CC2D003E1AF1D31400AF5C5F /* Supporting Files */ = {
			isa = PBXGroup;
			children = (
				CC2D003F1AF1D31400AF5C5F /* Info.plist */,
			);
			name = "Supporting Files";
			sourceTree = "<group>";
		};
/* End PBXGroup section */

/* Begin PBXNativeTarget section */
		CC2D00241AF1D31400AF5C5F /* TinderSwipeCardsSwift */ = {
			isa = PBXNativeTarget;
			buildConfigurationList = CC2D00441AF1D31400AF5C5F /* Build configuration list for PBXNativeTarget "TinderSwipeCardsSwift" */;
			buildPhases = (
				CC2D00211AF1D31400AF5C5F /* Sources */,
				CC2D00221AF1D31400AF5C5F /* Frameworks */,
				CC2D00231AF1D31400AF5C5F /* Resources */,
			);
			buildRules = (
			);
			dependencies = (
			);
			name = TinderSwipeCardsSwift;
			productName = TinderSwipeCardsSwift;
			productReference = CC2D00251AF1D31400AF5C5F /* TinderSwipeCardsSwift.app */;
			productType = "com.apple.product-type.application";
		};
		CC2D00391AF1D31400AF5C5F /* TinderSwipeCardsSwiftTests */ = {
			isa = PBXNativeTarget;
			buildConfigurationList = CC2D00471AF1D31400AF5C5F /* Build configuration list for PBXNativeTarget "TinderSwipeCardsSwiftTests" */;
			buildPhases = (
				CC2D00361AF1D31400AF5C5F /* Sources */,
				CC2D00371AF1D31400AF5C5F /* Frameworks */,
				CC2D00381AF1D31400AF5C5F /* Resources */,
			);
			buildRules = (
			);
			dependencies = (
				CC2D003C1AF1D31400AF5C5F /* PBXTargetDependency */,
			);
			name = TinderSwipeCardsSwiftTests;
			productName = TinderSwipeCardsSwiftTests;
			productReference = CC2D003A1AF1D31400AF5C5F /* TinderSwipeCardsSwiftTests.xctest */;
			productType = "com.apple.product-type.bundle.unit-test";
		};
/* End PBXNativeTarget section */

/* Begin PBXProject section */
		CC2D001D1AF1D31400AF5C5F /* Project object */ = {
			isa = PBXProject;
			attributes = {
				LastSwiftMigration = 0700;
				LastSwiftUpdateCheck = 0700;
				LastUpgradeCheck = 0700;
				ORGANIZATIONNAME = gcweb;
				TargetAttributes = {
					CC2D00241AF1D31400AF5C5F = {
						CreatedOnToolsVersion = 6.3;
					};
					CC2D00391AF1D31400AF5C5F = {
						CreatedOnToolsVersion = 6.3;
						TestTargetID = CC2D00241AF1D31400AF5C5F;
					};
				};
			};
			buildConfigurationList = CC2D00201AF1D31400AF5C5F /* Build configuration list for PBXProject "TinderSwipeCardsSwift" */;
			compatibilityVersion = "Xcode 3.2";
			developmentRegion = English;
			hasScannedForEncodings = 0;
			knownRegions = (
				en,
				Base,
			);
			mainGroup = CC2D001C1AF1D31400AF5C5F;
			productRefGroup = CC2D00261AF1D31400AF5C5F /* Products */;
			projectDirPath = "";
			projectRoot = "";
			targets = (
				CC2D00241AF1D31400AF5C5F /* TinderSwipeCardsSwift */,
				CC2D00391AF1D31400AF5C5F /* TinderSwipeCardsSwiftTests */,
			);
		};
/* End PBXProject section */

/* Begin PBXResourcesBuildPhase section */
		CC2D00231AF1D31400AF5C5F /* Resources */ = {
			isa = PBXResourcesBuildPhase;
			buildActionMask = 2147483647;
			files = (
				CC2D00301AF1D31400AF5C5F /* Main.storyboard in Resources */,
				CC2D00351AF1D31400AF5C5F /* LaunchScreen.xib in Resources */,
				CC2D00321AF1D31400AF5C5F /* Images.xcassets in Resources */,
			);
			runOnlyForDeploymentPostprocessing = 0;
		};
		CC2D00381AF1D31400AF5C5F /* Resources */ = {
			isa = PBXResourcesBuildPhase;
			buildActionMask = 2147483647;
			files = (
			);
			runOnlyForDeploymentPostprocessing = 0;
		};
/* End PBXResourcesBuildPhase section */

/* Begin PBXSourcesBuildPhase section */
		CC2D00211AF1D31400AF5C5F /* Sources */ = {
			isa = PBXSourcesBuildPhase;
			buildActionMask = 2147483647;
			files = (
				CC2D004B1AF1D3FA00AF5C5F /* DraggableView.swift in Sources */,
				CC2D004D1AF1D70D00AF5C5F /* OverlayView.swift in Sources */,
				CC2D002D1AF1D31400AF5C5F /* ViewController.swift in Sources */,
				CC2D002B1AF1D31400AF5C5F /* AppDelegate.swift in Sources */,
				CC2D004F1AF2107800AF5C5F /* DraggableViewBackground.swift in Sources */,
			);
			runOnlyForDeploymentPostprocessing = 0;
		};
		CC2D00361AF1D31400AF5C5F /* Sources */ = {
			isa = PBXSourcesBuildPhase;
			buildActionMask = 2147483647;
			files = (
				CC2D00411AF1D31400AF5C5F /* TinderSwipeCardsSwiftTests.swift in Sources */,
			);
			runOnlyForDeploymentPostprocessing = 0;
		};
/* End PBXSourcesBuildPhase section */

/* Begin PBXTargetDependency section */
		CC2D003C1AF1D31400AF5C5F /* PBXTargetDependency */ = {
			isa = PBXTargetDependency;
			target = CC2D00241AF1D31400AF5C5F /* TinderSwipeCardsSwift */;
			targetProxy = CC2D003B1AF1D31400AF5C5F /* PBXContainerItemProxy */;
		};
/* End PBXTargetDependency section */

/* Begin PBXVariantGroup section */
		CC2D002E1AF1D31400AF5C5F /* Main.storyboard */ = {
			isa = PBXVariantGroup;
			children = (
				CC2D002F1AF1D31400AF5C5F /* Base */,
			);
			name = Main.storyboard;
			sourceTree = "<group>";
		};
		CC2D00331AF1D31400AF5C5F /* LaunchScreen.xib */ = {
			isa = PBXVariantGroup;
			children = (
				CC2D00341AF1D31400AF5C5F /* Base */,
			);
			name = LaunchScreen.xib;
			sourceTree = "<group>";
		};
/* End PBXVariantGroup section */

/* Begin XCBuildConfiguration section */
		CC2D00421AF1D31400AF5C5F /* Debug */ = {
			isa = XCBuildConfiguration;
			buildSettings = {
				ALWAYS_SEARCH_USER_PATHS = NO;
				CLANG_CXX_LANGUAGE_STANDARD = "gnu++0x";
				CLANG_CXX_LIBRARY = "libc++";
				CLANG_ENABLE_MODULES = YES;
				CLANG_ENABLE_OBJC_ARC = YES;
				CLANG_WARN_BOOL_CONVERSION = YES;
				CLANG_WARN_CONSTANT_CONVERSION = YES;
				CLANG_WARN_DIRECT_OBJC_ISA_USAGE = YES_ERROR;
				CLANG_WARN_EMPTY_BODY = YES;
				CLANG_WARN_ENUM_CONVERSION = YES;
				CLANG_WARN_INT_CONVERSION = YES;
				CLANG_WARN_OBJC_ROOT_CLASS = YES_ERROR;
				CLANG_WARN_UNREACHABLE_CODE = YES;
				CLANG_WARN__DUPLICATE_METHOD_MATCH = YES;
				"CODE_SIGN_IDENTITY[sdk=iphoneos*]" = "iPhone Developer";
				COPY_PHASE_STRIP = NO;
				DEBUG_INFORMATION_FORMAT = "dwarf-with-dsym";
				ENABLE_STRICT_OBJC_MSGSEND = YES;
				ENABLE_TESTABILITY = YES;
				GCC_C_LANGUAGE_STANDARD = gnu99;
				GCC_DYNAMIC_NO_PIC = NO;
				GCC_NO_COMMON_BLOCKS = YES;
				GCC_OPTIMIZATION_LEVEL = 0;
				GCC_PREPROCESSOR_DEFINITIONS = (
					"DEBUG=1",
					"$(inherited)",
				);
				GCC_SYMBOLS_PRIVATE_EXTERN = NO;
				GCC_WARN_64_TO_32_BIT_CONVERSION = YES;
				GCC_WARN_ABOUT_RETURN_TYPE = YES_ERROR;
				GCC_WARN_UNDECLARED_SELECTOR = YES;
				GCC_WARN_UNINITIALIZED_AUTOS = YES_AGGRESSIVE;
				GCC_WARN_UNUSED_FUNCTION = YES;
				GCC_WARN_UNUSED_VARIABLE = YES;
				IPHONEOS_DEPLOYMENT_TARGET = 8.3;
				MTL_ENABLE_DEBUG_INFO = YES;
				ONLY_ACTIVE_ARCH = YES;
				SDKROOT = iphoneos;
				SWIFT_OPTIMIZATION_LEVEL = "-Onone";
				TARGETED_DEVICE_FAMILY = "1,2";
			};
			name = Debug;
		};
		CC2D00431AF1D31400AF5C5F /* Release */ = {
			isa = XCBuildConfiguration;
			buildSettings = {
				ALWAYS_SEARCH_USER_PATHS = NO;
				CLANG_CXX_LANGUAGE_STANDARD = "gnu++0x";
				CLANG_CXX_LIBRARY = "libc++";
				CLANG_ENABLE_MODULES = YES;
				CLANG_ENABLE_OBJC_ARC = YES;
				CLANG_WARN_BOOL_CONVERSION = YES;
				CLANG_WARN_CONSTANT_CONVERSION = YES;
				CLANG_WARN_DIRECT_OBJC_ISA_USAGE = YES_ERROR;
				CLANG_WARN_EMPTY_BODY = YES;
				CLANG_WARN_ENUM_CONVERSION = YES;
				CLANG_WARN_INT_CONVERSION = YES;
				CLANG_WARN_OBJC_ROOT_CLASS = YES_ERROR;
				CLANG_WARN_UNREACHABLE_CODE = YES;
				CLANG_WARN__DUPLICATE_METHOD_MATCH = YES;
				"CODE_SIGN_IDENTITY[sdk=iphoneos*]" = "iPhone Developer";
				COPY_PHASE_STRIP = NO;
				DEBUG_INFORMATION_FORMAT = "dwarf-with-dsym";
				ENABLE_NS_ASSERTIONS = NO;
				ENABLE_STRICT_OBJC_MSGSEND = YES;
				GCC_C_LANGUAGE_STANDARD = gnu99;
				GCC_NO_COMMON_BLOCKS = YES;
				GCC_WARN_64_TO_32_BIT_CONVERSION = YES;
				GCC_WARN_ABOUT_RETURN_TYPE = YES_ERROR;
				GCC_WARN_UNDECLARED_SELECTOR = YES;
				GCC_WARN_UNINITIALIZED_AUTOS = YES_AGGRESSIVE;
				GCC_WARN_UNUSED_FUNCTION = YES;
				GCC_WARN_UNUSED_VARIABLE = YES;
				IPHONEOS_DEPLOYMENT_TARGET = 8.3;
				MTL_ENABLE_DEBUG_INFO = NO;
				SDKROOT = iphoneos;
				TARGETED_DEVICE_FAMILY = "1,2";
				VALIDATE_PRODUCT = YES;
			};
			name = Release;
		};
		CC2D00451AF1D31400AF5C5F /* Debug */ = {
			isa = XCBuildConfiguration;
			buildSettings = {
				ASSETCATALOG_COMPILER_APPICON_NAME = AppIcon;
				INFOPLIST_FILE = TinderSwipeCardsSwift/Info.plist;
				LD_RUNPATH_SEARCH_PATHS = "$(inherited) @executable_path/Frameworks";
				PRODUCT_BUNDLE_IDENTIFIER = "reterVision.$(PRODUCT_NAME:rfc1034identifier)";
				PRODUCT_NAME = "$(TARGET_NAME)";
			};
			name = Debug;
		};
		CC2D00461AF1D31400AF5C5F /* Release */ = {
			isa = XCBuildConfiguration;
			buildSettings = {
				ASSETCATALOG_COMPILER_APPICON_NAME = AppIcon;
				INFOPLIST_FILE = TinderSwipeCardsSwift/Info.plist;
				LD_RUNPATH_SEARCH_PATHS = "$(inherited) @executable_path/Frameworks";
				PRODUCT_BUNDLE_IDENTIFIER = "reterVision.$(PRODUCT_NAME:rfc1034identifier)";
				PRODUCT_NAME = "$(TARGET_NAME)";
			};
			name = Release;
		};
		CC2D00481AF1D31400AF5C5F /* Debug */ = {
			isa = XCBuildConfiguration;
			buildSettings = {
				BUNDLE_LOADER = "$(TEST_HOST)";
				FRAMEWORK_SEARCH_PATHS = (
					"$(SDKROOT)/Developer/Library/Frameworks",
					"$(inherited)",
				);
				GCC_PREPROCESSOR_DEFINITIONS = (
					"DEBUG=1",
					"$(inherited)",
				);
				INFOPLIST_FILE = TinderSwipeCardsSwiftTests/Info.plist;
				LD_RUNPATH_SEARCH_PATHS = "$(inherited) @executable_path/Frameworks @loader_path/Frameworks";
				PRODUCT_BUNDLE_IDENTIFIER = "com.gcweb.$(PRODUCT_NAME:rfc1034identifier)";
				PRODUCT_NAME = "$(TARGET_NAME)";
				TEST_HOST = "$(BUILT_PRODUCTS_DIR)/TinderSwipeCardsSwift.app/TinderSwipeCardsSwift";
			};
			name = Debug;
		};
		CC2D00491AF1D31400AF5C5F /* Release */ = {
			isa = XCBuildConfiguration;
			buildSettings = {
				BUNDLE_LOADER = "$(TEST_HOST)";
				FRAMEWORK_SEARCH_PATHS = (
					"$(SDKROOT)/Developer/Library/Frameworks",
					"$(inherited)",
				);
				INFOPLIST_FILE = TinderSwipeCardsSwiftTests/Info.plist;
				LD_RUNPATH_SEARCH_PATHS = "$(inherited) @executable_path/Frameworks @loader_path/Frameworks";
				PRODUCT_BUNDLE_IDENTIFIER = "com.gcweb.$(PRODUCT_NAME:rfc1034identifier)";
				PRODUCT_NAME = "$(TARGET_NAME)";
				TEST_HOST = "$(BUILT_PRODUCTS_DIR)/TinderSwipeCardsSwift.app/TinderSwipeCardsSwift";
			};
			name = Release;
		};
/* End XCBuildConfiguration section */

/* Begin XCConfigurationList section */
		CC2D00201AF1D31400AF5C5F /* Build configuration list for PBXProject "TinderSwipeCardsSwift" */ = {
			isa = XCConfigurationList;
			buildConfigurations = (
				CC2D00421AF1D31400AF5C5F /* Debug */,
				CC2D00431AF1D31400AF5C5F /* Release */,
			);
			defaultConfigurationIsVisible = 0;
			defaultConfigurationName = Release;
		};
		CC2D00441AF1D31400AF5C5F /* Build configuration list for PBXNativeTarget "TinderSwipeCardsSwift" */ = {
			isa = XCConfigurationList;
			buildConfigurations = (
				CC2D00451AF1D31400AF5C5F /* Debug */,
				CC2D00461AF1D31400AF5C5F /* Release */,
			);
			defaultConfigurationIsVisible = 0;
			defaultConfigurationName = Release;
		};
		CC2D00471AF1D31400AF5C5F /* Build configuration list for PBXNativeTarget "TinderSwipeCardsSwiftTests" */ = {
			isa = XCConfigurationList;
			buildConfigurations = (
				CC2D00481AF1D31400AF5C5F /* Debug */,
				CC2D00491AF1D31400AF5C5F /* Release */,
			);
			defaultConfigurationIsVisible = 0;
			defaultConfigurationName = Release;
		};
/* End XCConfigurationList section */
	};
	rootObject = CC2D001D1AF1D31400AF5C5F /* Project object */;
}
